{
  "name": "ahql",
  "version": "1.0.0",
  "lockfileVersion": 2,
  "requires": true,
  "packages": {
    "": {
      "version": "1.0.0",
      "license": "ISC",
      "dependencies": {
        "typescript": "^4.1.5"
      }
    },
    "node_modules/typescript": {
      "version": "4.1.5",
      "resolved": "https://npm.gllue.net/typescript/-/typescript-4.1.5.tgz",
      "integrity": "sha1-Ejo7IUqv874ykm8Njx9ucE64mnI=",
      "license": "Apache-2.0",
      "bin": {
        "tsc": "bin/tsc",
        "tsserver": "bin/tsserver"
      },
      "engines": {
        "node": ">=4.2.0"
      }
    }
  },
  "dependencies": {
    "typescript": {
      "version": "4.1.5",
      "resolved": "https://npm.gllue.net/typescript/-/typescript-4.1.5.tgz",
      "integrity": "sha1-Ejo7IUqv874ykm8Njx9ucE64mnI="
    }
  }
}
